{
  "name": "opencode-ddev",
  "version": "1.0.1",
  "lockfileVersion": 3,
  "requires": true,
  "packages": {
    "": {
      "name": "opencode-ddev",
      "version": "1.0.1",
      "license": "MIT",
      "dependencies": {
        "@opencode-ai/sdk": "^1.0.188"
      },
      "devDependencies": {
        "@opencode-ai/plugin": "^1.0.188",
        "@types/node": "^25.0.3",
        "typescript": "^5.9.3"
      },
      "peerDependencies": {
        "@opencode-ai/plugin": "^1.0.188"
      }
    },
    "node_modules/@opencode-ai/plugin": {
      "version": "1.0.188",
      "resolved": "https://registry.npmjs.org/@opencode-ai/plugin/-/plugin-1.0.188.tgz",
      "integrity": "sha512-/ZrRQFWP89usBc6Dmyo8V8Wt3iqFJJ8w6B+E8iRf8Xp2Qx4shRLc70Hg1Y9Btz0ZFwOjy/Lw2/Rk1rcA2zT3DA==",
      "dev": true,
      "dependencies": {
        "@opencode-ai/sdk": "1.0.188",
        "zod": "4.1.8"
      }
    },
    "node_modules/@opencode-ai/sdk": {
      "version": "1.0.188",
      "resolved": "https://registry.npmjs.org/@opencode-ai/sdk/-/sdk-1.0.188.tgz",
      "integrity": "sha512-Abb3WfUNFPL3vgqURTTqB9pGpmM08HTpl6XeKoGjsma2hfG0HK76/5tlImGnTvYoHeNaTA1HXB1BvE4koe3X3A=="
    },
    "node_modules/@types/node": {
      "version": "25.0.3",
      "resolved": "https://registry.npmjs.org/@types/node/-/node-25.0.3.tgz",
      "integrity": "sha512-W609buLVRVmeW693xKfzHeIV6nJGGz98uCPfeXI1ELMLXVeKYZ9m15fAMSaUPBHYLGFsVRcMmSCksQOrZV9BYA==",
      "dev": true,
      "dependencies": {
        "undici-types": "~7.16.0"
      }
    },
    "node_modules/typescript": {
      "version": "5.9.3",
      "resolved": "https://registry.npmjs.org/typescript/-/typescript-5.9.3.tgz",
      "integrity": "sha512-jl1vZzPDinLr9eUt3J/t7V6FgNEw9QjvBPdysz9KfQDD41fQrC2Y4vKQdiaUpFT4bXlb1RHhLpp8wtm6M5TgSw==",
      "dev": true,
      "bin": {
        "tsc": "bin/tsc",
        "tsserver": "bin/tsserver"
      },
      "engines": {
        "node": ">=14.17"
      }
    },
    "node_modules/undici-types": {
      "version": "7.16.0",
      "resolved": "https://registry.npmjs.org/undici-types/-/undici-types-7.16.0.tgz",
      "integrity": "sha512-Zz+aZWSj8LE6zoxD+xrjh4VfkIG8Ya6LvYkZqtUQGJPZjYl53ypCaUwWqo7eI0x66KBGeRo+mlBEkMSeSZ38Nw==",
      "dev": true
    },
    "node_modules/zod": {
      "version": "4.1.8",
      "resolved": "https://registry.npmjs.org/zod/-/zod-4.1.8.tgz",
      "integrity": "sha512-5R1P+WwQqmmMIEACyzSvo4JXHY5WiAFHRMg+zBZKgKS+Q1viRa0C1hmUKtHltoIFKtIdki3pRxkmpP74jnNYHQ==",
      "dev": true,
      "funding": {
        "url": "https://github.com/sponsors/colinhacks"
      }
    }
  }
}
